# THIS IS AN AUTOGENERATED FILE. DO NOT EDIT THIS FILE DIRECTLY.
# yarn lockfile v1


react-native-safe-area-context@^4.5.3:
  version "4.5.3"
  resolved "https://registry.yarnpkg.com/react-native-safe-area-context/-/react-native-safe-area-context-4.5.3.tgz#e98eb1a73a6b3846d296545fe74760754dbaaa69"
  integrity sha512-ihYeGDEBSkYH+1aWnadNhVtclhppVgd/c0tm4mj0+HV11FoiWJ8N6ocnnZnRLvM5Fxc+hUqxR9bm5AXU3rXiyA==
